lockfileVersion: '9.0'

settings:
  autoInstallPeers: true
  excludeLinksFromLockfile: false

importers:

  .:
    dependencies:
      '@decentralchain/ts-lib-crypto':
        specifier: ^2.0.0
        version: 2.0.0
    devDependencies:
      marked:
        specifier: ^18.0.11
        version: 18.0.11

  packages/anchor: {}

  packages/canonicalize: {}

  packages/cli: {}

  packages/differ: {}

  packages/ingest: {}

  packages/merkle: {}

packages:

  '@decentralchain/ts-lib-crypto@2.0.0':
    resolution: {integrity: sha512-JA+U53hX3Og8VWlvVgmpoggRs4T1EGjqlN/XuXgL+pAMVFJY2D6/neY7mAgWvbzZpKzeCLfXVZlql5TQ3JgFtA==}
    engines: {node: '>=24'}

  '@noble/ciphers@2.1.1':
    resolution: {integrity: sha512-bysYuiVfhxNJuldNXlFEitTVdNnYUc+XNJZd7Qm2a5j1vZHgY+fazadNFWFaMK/2vye0JVlxV3gHmC0WDfAOQw==}
    engines: {node: '>= 20.19.0'}

  '@noble/curves@2.3.0':
    resolution: {integrity: sha512-v7cY+4oWYPQszRj6ZFGzTVL7uP2TaLo1xMhWHzYC5wj0ZhOXQ5x+sBre8rF3hi8cAoi0bh1qXoovoOkdFtvqEg==}
    engines: {node: '>= 20.19.0'}

  '@noble/hashes@2.3.0':
    resolution: {integrity: sha512-oN+QwyX7VSHotibwubG3kpzbwKrfnyR6OOO+3Nk/53ADL7FmgHHz4TgrbaYKvvOw09u6QTx0oiH1cNCIOuN0CQ==}
    engines: {node: '>= 20.19.0'}

  marked@18.0.11:
    resolution: {integrity: sha512-HnslJfsZkRPBDJRHvVtAaWlZHEpSu7u8LgQuJCELjRKuWR+hpq4A7sLq3p8HaI9ypVoXDXxV34CsQJEe1+J5Aw==}
    engines: {node: '>= 20'}
    hasBin: true

snapshots:

  '@decentralchain/ts-lib-crypto@2.0.0':
    dependencies:
      '@noble/ciphers': 2.1.1
      '@noble/curves': 2.3.0
      '@noble/hashes': 2.3.0

  '@noble/ciphers@2.1.1': {}

  '@noble/curves@2.3.0':
    dependencies:
      '@noble/hashes': 2.3.0

  '@noble/hashes@2.3.0': {}

  marked@18.0.11: {}
